PODS:
  - FreestylerCore (0.3.0)
  - Nimble (5.0.0)
  - Quick (0.10.0)

DEPENDENCIES:
  - FreestylerCore
  - Nimble
  - Quick

SPEC CHECKSUMS:
  FreestylerCore: ac6803ddb5aa4c217b458e134395930ce967eaf5
  Nimble: 56fc9f5020effa2206de22c3dd910f4fb011b92f
  Quick: 5d290df1c69d5ee2f0729956dcf0fd9a30447eaa

PODFILE CHECKSUM: 40febd7ca176d4a65b0a8f156a7a818adab597cd

COCOAPODS: 1.0.1
