// !$*UTF8*$!
{
	archiveVersion = 1;
	classes = {
	};
	objectVersion = 46;
	objects = {

/* Begin PBXBuildFile section */
		102DD52E1D4FBB7800F444A3 /* FontType.swift in Sources */ = {isa = PBXBuildFile; fileRef = 102DD52D1D4FBB7800F444A3 /* FontType.swift */; };
		10820D5D1D4FAE8B00A5524F /* ColorType+Styles.swift in Sources */ = {isa = PBXBuildFile; fileRef = 10820D5C1D4FAE8B00A5524F /* ColorType+Styles.swift */; };
		112C09601D291CAB0050AEA6 /* AppDelegate.swift in Sources */ = {isa = PBXBuildFile; fileRef = 112C095F1D291CAB0050AEA6 /* AppDelegate.swift */; };
		112C09621D291CAB0050AEA6 /* ViewController.swift in Sources */ = {isa = PBXBuildFile; fileRef = 112C09611D291CAB0050AEA6 /* ViewController.swift */; };
		112C09651D291CAB0050AEA6 /* Main.storyboard in Resources */ = {isa = PBXBuildFile; fileRef = 112C09631D291CAB0050AEA6 /* Main.storyboard */; };
		112C09671D291CAB0050AEA6 /* Assets.xcassets in Resources */ = {isa = PBXBuildFile; fileRef = 112C09661D291CAB0050AEA6 /* Assets.xcassets */; };
		112C096A1D291CAB0050AEA6 /* LaunchScreen.storyboard in Resources */ = {isa = PBXBuildFile; fileRef = 112C09681D291CAB0050AEA6 /* LaunchScreen.storyboard */; };
		112C09751D291CAB0050AEA6 /* FreestylerTests.swift in Sources */ = {isa = PBXBuildFile; fileRef = 112C09741D291CAB0050AEA6 /* FreestylerTests.swift */; };
		112C09831D2997E20050AEA6 /* ColorType.swift in Sources */ = {isa = PBXBuildFile; fileRef = 112C09821D2997E20050AEA6 /* ColorType.swift */; };
		1178D4531D8DE330004AB786 /* UILabel+Styles.swift in Sources */ = {isa = PBXBuildFile; fileRef = 1178D4501D8DE330004AB786 /* UILabel+Styles.swift */; };
		1178D4541D8DE330004AB786 /* UINavigationBar+Styles.swift in Sources */ = {isa = PBXBuildFile; fileRef = 1178D4511D8DE330004AB786 /* UINavigationBar+Styles.swift */; };
		1178D4551D8DE330004AB786 /* UIView+Styles.swift in Sources */ = {isa = PBXBuildFile; fileRef = 1178D4521D8DE330004AB786 /* UIView+Styles.swift */; };
		118A19091D5AE2FB00613BA6 /* UISliderStyles.swift in Sources */ = {isa = PBXBuildFile; fileRef = 118A19081D5AE2FB00613BA6 /* UISliderStyles.swift */; };
		118A190B1D5AE3A100613BA6 /* UISliderTests.swift in Sources */ = {isa = PBXBuildFile; fileRef = 118A190A1D5AE3A100613BA6 /* UISliderTests.swift */; };
		118A190D1D5AE68C00613BA6 /* UIPageControlStyles.swift in Sources */ = {isa = PBXBuildFile; fileRef = 118A190C1D5AE68C00613BA6 /* UIPageControlStyles.swift */; };
		118A190F1D5AE6FA00613BA6 /* UIPageControlTests.swift in Sources */ = {isa = PBXBuildFile; fileRef = 118A190E1D5AE6FA00613BA6 /* UIPageControlTests.swift */; };
		118A19111D5AEEF700613BA6 /* UIActivityIndicatorViewStyles.swift in Sources */ = {isa = PBXBuildFile; fileRef = 118A19101D5AEEF700613BA6 /* UIActivityIndicatorViewStyles.swift */; };
		118A19131D5AEF2900613BA6 /* UIActivityIndicatorViewTests.swift in Sources */ = {isa = PBXBuildFile; fileRef = 118A19121D5AEF2900613BA6 /* UIActivityIndicatorViewTests.swift */; };
		118BDC5B1D51292600ECC63F /* BarTintColorableTests.swift in Sources */ = {isa = PBXBuildFile; fileRef = 118BDC5A1D51292600ECC63F /* BarTintColorableTests.swift */; };
		118BDC5E1D512A2D00ECC63F /* BarTint.swift in Sources */ = {isa = PBXBuildFile; fileRef = 118BDC5D1D512A2D00ECC63F /* BarTint.swift */; };
		118BDC601D512BAF00ECC63F /* DefaultThemes.swift in Sources */ = {isa = PBXBuildFile; fileRef = 118BDC5F1D512BAF00ECC63F /* DefaultThemes.swift */; };
		118BDC621D512DFF00ECC63F /* UIProgressViewTests.swift in Sources */ = {isa = PBXBuildFile; fileRef = 118BDC611D512DFF00ECC63F /* UIProgressViewTests.swift */; };
		118BDC641D512E3200ECC63F /* UIProgressViewStyles.swift in Sources */ = {isa = PBXBuildFile; fileRef = 118BDC631D512E3200ECC63F /* UIProgressViewStyles.swift */; };
		119518481D58377E00A24481 /* Tint.swift in Sources */ = {isa = PBXBuildFile; fileRef = 119518471D58377E00A24481 /* Tint.swift */; };
		1195184A1D583D2E00A24481 /* UILabelStyles.swift in Sources */ = {isa = PBXBuildFile; fileRef = 119518491D583D2E00A24481 /* UILabelStyles.swift */; };
		1195184C1D583D6F00A24481 /* UILabelTests.swift in Sources */ = {isa = PBXBuildFile; fileRef = 1195184B1D583D6F00A24481 /* UILabelTests.swift */; };
		1195184E1D583F4F00A24481 /* Font.swift in Sources */ = {isa = PBXBuildFile; fileRef = 1195184D1D583F4F00A24481 /* Font.swift */; };
		1CD39B62BDCE664A48B219A4 /* Pods_FreestylerTests.framework in Frameworks */ = {isa = PBXBuildFile; fileRef = D4E99FA718143EE1A6D3F2A8 /* Pods_FreestylerTests.framework */; };
		6EB31044C223959FA4E1B5AB /* Pods_Freestyler.framework in Frameworks */ = {isa = PBXBuildFile; fileRef = 28D2377A79C1C757D3E83E57 /* Pods_Freestyler.framework */; };
/* End PBXBuildFile section */

/* Begin PBXContainerItemProxy section */
		112C09711D291CAB0050AEA6 /* PBXContainerItemProxy */ = {
			isa = PBXContainerItemProxy;
			containerPortal = 112C09541D291CAB0050AEA6 /* Project object */;
			proxyType = 1;
			remoteGlobalIDString = 112C095B1D291CAB0050AEA6;
			remoteInfo = Freestyler;
		};
/* End PBXContainerItemProxy section */

/* Begin PBXCopyFilesBuildPhase section */
		105D9B671D75B855007FA40C /* Embed Frameworks */ = {
			isa = PBXCopyFilesBuildPhase;
			buildActionMask = 2147483647;
			dstPath = "";
			dstSubfolderSpec = 10;
			files = (
			);
			name = "Embed Frameworks";
			runOnlyForDeploymentPostprocessing = 0;
		};
/* End PBXCopyFilesBuildPhase section */

/* Begin PBXFileReference section */
		102DD52D1D4FBB7800F444A3 /* FontType.swift */ = {isa = PBXFileReference; fileEncoding = 4; lastKnownFileType = sourcecode.swift; path = FontType.swift; sourceTree = "<group>"; };
		105D9B5D1D75B855007FA40C /* Freestyler_iOS.h */ = {isa = PBXFileReference; lastKnownFileType = sourcecode.c.h; path = Freestyler_iOS.h; sourceTree = "<group>"; };
		105D9B5F1D75B855007FA40C /* Info.plist */ = {isa = PBXFileReference; lastKnownFileType = text.plist.xml; path = Info.plist; sourceTree = "<group>"; };
		10820D5C1D4FAE8B00A5524F /* ColorType+Styles.swift */ = {isa = PBXFileReference; fileEncoding = 4; lastKnownFileType = sourcecode.swift; path = "ColorType+Styles.swift"; sourceTree = "<group>"; };
		112C095C1D291CAB0050AEA6 /* Freestyler.app */ = {isa = PBXFileReference; explicitFileType = wrapper.application; includeInIndex = 0; path = Freestyler.app; sourceTree = BUILT_PRODUCTS_DIR; };
		112C095F1D291CAB0050AEA6 /* AppDelegate.swift */ = {isa = PBXFileReference; lastKnownFileType = sourcecode.swift; path = AppDelegate.swift; sourceTree = "<group>"; };
		112C09611D291CAB0050AEA6 /* ViewController.swift */ = {isa = PBXFileReference; lastKnownFileType = sourcecode.swift; path = ViewController.swift; sourceTree = "<group>"; };
		112C09641D291CAB0050AEA6 /* Base */ = {isa = PBXFileReference; lastKnownFileType = file.storyboard; name = Base; path = Base.lproj/Main.storyboard; sourceTree = "<group>"; };
		112C09661D291CAB0050AEA6 /* Assets.xcassets */ = {isa = PBXFileReference; lastKnownFileType = folder.assetcatalog; path = Assets.xcassets; sourceTree = "<group>"; };
		112C09691D291CAB0050AEA6 /* Base */ = {isa = PBXFileReference; lastKnownFileType = file.storyboard; name = Base; path = Base.lproj/LaunchScreen.storyboard; sourceTree = "<group>"; };
		112C096B1D291CAB0050AEA6 /* Info.plist */ = {isa = PBXFileReference; lastKnownFileType = text.plist.xml; path = Info.plist; sourceTree = "<group>"; };
		112C09701D291CAB0050AEA6 /* FreestylerTests.xctest */ = {isa = PBXFileReference; explicitFileType = wrapper.cfbundle; includeInIndex = 0; path = FreestylerTests.xctest; sourceTree = BUILT_PRODUCTS_DIR; };
		112C09741D291CAB0050AEA6 /* FreestylerTests.swift */ = {isa = PBXFileReference; lastKnownFileType = sourcecode.swift; path = FreestylerTests.swift; sourceTree = "<group>"; };
		112C09761D291CAB0050AEA6 /* Info.plist */ = {isa = PBXFileReference; lastKnownFileType = text.plist.xml; path = Info.plist; sourceTree = "<group>"; };
		112C09821D2997E20050AEA6 /* ColorType.swift */ = {isa = PBXFileReference; fileEncoding = 4; lastKnownFileType = sourcecode.swift; path = ColorType.swift; sourceTree = "<group>"; };
		1178D4501D8DE330004AB786 /* UILabel+Styles.swift */ = {isa = PBXFileReference; fileEncoding = 4; lastKnownFileType = sourcecode.swift; path = "UILabel+Styles.swift"; sourceTree = "<group>"; };
		1178D4511D8DE330004AB786 /* UINavigationBar+Styles.swift */ = {isa = PBXFileReference; fileEncoding = 4; lastKnownFileType = sourcecode.swift; path = "UINavigationBar+Styles.swift"; sourceTree = "<group>"; };
		1178D4521D8DE330004AB786 /* UIView+Styles.swift */ = {isa = PBXFileReference; fileEncoding = 4; lastKnownFileType = sourcecode.swift; path = "UIView+Styles.swift"; sourceTree = "<group>"; };
		118A19081D5AE2FB00613BA6 /* UISliderStyles.swift */ = {isa = PBXFileReference; fileEncoding = 4; lastKnownFileType = sourcecode.swift; path = UISliderStyles.swift; sourceTree = "<group>"; };
		118A190A1D5AE3A100613BA6 /* UISliderTests.swift */ = {isa = PBXFileReference; fileEncoding = 4; lastKnownFileType = sourcecode.swift; path = UISliderTests.swift; sourceTree = "<group>"; };
		118A190C1D5AE68C00613BA6 /* UIPageControlStyles.swift */ = {isa = PBXFileReference; fileEncoding = 4; lastKnownFileType = sourcecode.swift; path = UIPageControlStyles.swift; sourceTree = "<group>"; };
		118A190E1D5AE6FA00613BA6 /* UIPageControlTests.swift */ = {isa = PBXFileReference; fileEncoding = 4; lastKnownFileType = sourcecode.swift; path = UIPageControlTests.swift; sourceTree = "<group>"; };
		118A19101D5AEEF700613BA6 /* UIActivityIndicatorViewStyles.swift */ = {isa = PBXFileReference; fileEncoding = 4; lastKnownFileType = sourcecode.swift; path = UIActivityIndicatorViewStyles.swift; sourceTree = "<group>"; };
		118A19121D5AEF2900613BA6 /* UIActivityIndicatorViewTests.swift */ = {isa = PBXFileReference; fileEncoding = 4; lastKnownFileType = sourcecode.swift; path = UIActivityIndicatorViewTests.swift; sourceTree = "<group>"; };
		118BDC5A1D51292600ECC63F /* BarTintColorableTests.swift */ = {isa = PBXFileReference; fileEncoding = 4; lastKnownFileType = sourcecode.swift; path = BarTintColorableTests.swift; sourceTree = "<group>"; };
		118BDC5D1D512A2D00ECC63F /* BarTint.swift */ = {isa = PBXFileReference; fileEncoding = 4; lastKnownFileType = sourcecode.swift; path = BarTint.swift; sourceTree = "<group>"; };
		118BDC5F1D512BAF00ECC63F /* DefaultThemes.swift */ = {isa = PBXFileReference; fileEncoding = 4; lastKnownFileType = sourcecode.swift; path = DefaultThemes.swift; sourceTree = "<group>"; };
		118BDC611D512DFF00ECC63F /* UIProgressViewTests.swift */ = {isa = PBXFileReference; fileEncoding = 4; lastKnownFileType = sourcecode.swift; path = UIProgressViewTests.swift; sourceTree = "<group>"; };
		118BDC631D512E3200ECC63F /* UIProgressViewStyles.swift */ = {isa = PBXFileReference; fileEncoding = 4; lastKnownFileType = sourcecode.swift; path = UIProgressViewStyles.swift; sourceTree = "<group>"; };
		119518471D58377E00A24481 /* Tint.swift */ = {isa = PBXFileReference; fileEncoding = 4; lastKnownFileType = sourcecode.swift; path = Tint.swift; sourceTree = "<group>"; };
		119518491D583D2E00A24481 /* UILabelStyles.swift */ = {isa = PBXFileReference; fileEncoding = 4; lastKnownFileType = sourcecode.swift; path = UILabelStyles.swift; sourceTree = "<group>"; };
		1195184B1D583D6F00A24481 /* UILabelTests.swift */ = {isa = PBXFileReference; fileEncoding = 4; lastKnownFileType = sourcecode.swift; path = UILabelTests.swift; sourceTree = "<group>"; };
		1195184D1D583F4F00A24481 /* Font.swift */ = {isa = PBXFileReference; fileEncoding = 4; lastKnownFileType = sourcecode.swift; path = Font.swift; sourceTree = "<group>"; };
		149C3DE625FAEBE4D4C7494E /* Pods-Freestyler.debug.xcconfig */ = {isa = PBXFileReference; includeInIndex = 1; lastKnownFileType = text.xcconfig; name = "Pods-Freestyler.debug.xcconfig"; path = "Pods/Target Support Files/Pods-Freestyler/Pods-Freestyler.debug.xcconfig"; sourceTree = "<group>"; };
		28D2377A79C1C757D3E83E57 /* Pods_Freestyler.framework */ = {isa = PBXFileReference; explicitFileType = wrapper.framework; includeInIndex = 0; path = Pods_Freestyler.framework; sourceTree = BUILT_PRODUCTS_DIR; };
		2D2A2618BEAA81E959A92AB5 /* Pods-FreestylerTests.release.xcconfig */ = {isa = PBXFileReference; includeInIndex = 1; lastKnownFileType = text.xcconfig; name = "Pods-FreestylerTests.release.xcconfig"; path = "Pods/Target Support Files/Pods-FreestylerTests/Pods-FreestylerTests.release.xcconfig"; sourceTree = "<group>"; };
		77CC716FE81AB7842B6345B6 /* Pods_Freestyler_iOS.framework */ = {isa = PBXFileReference; explicitFileType = wrapper.framework; includeInIndex = 0; path = Pods_Freestyler_iOS.framework; sourceTree = BUILT_PRODUCTS_DIR; };
		79270FECC08261B16D80C6D7 /* Pods-Freestyler_iOS.release.xcconfig */ = {isa = PBXFileReference; includeInIndex = 1; lastKnownFileType = text.xcconfig; name = "Pods-Freestyler_iOS.release.xcconfig"; path = "Pods/Target Support Files/Pods-Freestyler_iOS/Pods-Freestyler_iOS.release.xcconfig"; sourceTree = "<group>"; };
		A1FD172E32080DBA328A52E7 /* Pods-Freestyler_iOS.debug.xcconfig */ = {isa = PBXFileReference; includeInIndex = 1; lastKnownFileType = text.xcconfig; name = "Pods-Freestyler_iOS.debug.xcconfig"; path = "Pods/Target Support Files/Pods-Freestyler_iOS/Pods-Freestyler_iOS.debug.xcconfig"; sourceTree = "<group>"; };
		AC664D332B2C738B83B183D9 /* Pods-FreestylerTests.debug.xcconfig */ = {isa = PBXFileReference; includeInIndex = 1; lastKnownFileType = text.xcconfig; name = "Pods-FreestylerTests.debug.xcconfig"; path = "Pods/Target Support Files/Pods-FreestylerTests/Pods-FreestylerTests.debug.xcconfig"; sourceTree = "<group>"; };
		D4E99FA718143EE1A6D3F2A8 /* Pods_FreestylerTests.framework */ = {isa = PBXFileReference; explicitFileType = wrapper.framework; includeInIndex = 0; path = Pods_FreestylerTests.framework; sourceTree = BUILT_PRODUCTS_DIR; };
		ED4D1BF24B253EE587782316 /* Pods-Freestyler.release.xcconfig */ = {isa = PBXFileReference; includeInIndex = 1; lastKnownFileType = text.xcconfig; name = "Pods-Freestyler.release.xcconfig"; path = "Pods/Target Support Files/Pods-Freestyler/Pods-Freestyler.release.xcconfig"; sourceTree = "<group>"; };
/* End PBXFileReference section */

/* Begin PBXFrameworksBuildPhase section */
		112C09591D291CAB0050AEA6 /* Frameworks */ = {
			isa = PBXFrameworksBuildPhase;
			buildActionMask = 2147483647;
			files = (
				6EB31044C223959FA4E1B5AB /* Pods_Freestyler.framework in Frameworks */,
			);
			runOnlyForDeploymentPostprocessing = 0;
		};
		112C096D1D291CAB0050AEA6 /* Frameworks */ = {
			isa = PBXFrameworksBuildPhase;
			buildActionMask = 2147483647;
			files = (
				1CD39B62BDCE664A48B219A4 /* Pods_FreestylerTests.framework in Frameworks */,
			);
			runOnlyForDeploymentPostprocessing = 0;
		};
/* End PBXFrameworksBuildPhase section */

/* Begin PBXGroup section */
		102DD52F1D4FBBB600F444A3 /* FontType+Styles */ = {
			isa = PBXGroup;
			children = (
				102DD52D1D4FBB7800F444A3 /* FontType.swift */,
			);
			name = "FontType+Styles";
			sourceTree = "<group>";
		};
		105D9B5C1D75B855007FA40C /* Freestyler_iOS */ = {
			isa = PBXGroup;
			children = (
				105D9B5D1D75B855007FA40C /* Freestyler_iOS.h */,
				105D9B5F1D75B855007FA40C /* Info.plist */,
			);
			path = Freestyler_iOS;
			sourceTree = "<group>";
		};
		10820D5B1D4FAE5B00A5524F /* ColorType+Styles */ = {
			isa = PBXGroup;
			children = (
				112C09821D2997E20050AEA6 /* ColorType.swift */,
				10820D5C1D4FAE8B00A5524F /* ColorType+Styles.swift */,
			);
			name = "ColorType+Styles";
			sourceTree = "<group>";
		};
		112C09531D291CAB0050AEA6 = {
			isa = PBXGroup;
			children = (
				112C095E1D291CAB0050AEA6 /* Freestyler */,
				112C09731D291CAB0050AEA6 /* FreestylerTests */,
				105D9B5C1D75B855007FA40C /* Freestyler_iOS */,
				112C095D1D291CAB0050AEA6 /* Products */,
				2D7BE43275A2A7FDDC1A5DFA /* Pods */,
				E9C8DB2ED08131DC91BD60EE /* Frameworks */,
			);
			sourceTree = "<group>";
		};
		112C095D1D291CAB0050AEA6 /* Products */ = {
			isa = PBXGroup;
			children = (
				112C095C1D291CAB0050AEA6 /* Freestyler.app */,
				112C09701D291CAB0050AEA6 /* FreestylerTests.xctest */,
			);
			name = Products;
			sourceTree = "<group>";
		};
		112C095E1D291CAB0050AEA6 /* Freestyler */ = {
			isa = PBXGroup;
			children = (
				1178D44F1D8DE330004AB786 /* GeneratedStyles */,
				112C097F1D291D860050AEA6 /* Source */,
				112C095F1D291CAB0050AEA6 /* AppDelegate.swift */,
				112C09611D291CAB0050AEA6 /* ViewController.swift */,
				112C09631D291CAB0050AEA6 /* Main.storyboard */,
				112C09661D291CAB0050AEA6 /* Assets.xcassets */,
				112C09681D291CAB0050AEA6 /* LaunchScreen.storyboard */,
				112C096B1D291CAB0050AEA6 /* Info.plist */,
			);
			path = Freestyler;
			sourceTree = "<group>";
		};
		112C09731D291CAB0050AEA6 /* FreestylerTests */ = {
			isa = PBXGroup;
			children = (
				118BDC5F1D512BAF00ECC63F /* DefaultThemes.swift */,
				112C09741D291CAB0050AEA6 /* FreestylerTests.swift */,
				118BDC5A1D51292600ECC63F /* BarTintColorableTests.swift */,
				118BDC611D512DFF00ECC63F /* UIProgressViewTests.swift */,
				1195184B1D583D6F00A24481 /* UILabelTests.swift */,
				118A190A1D5AE3A100613BA6 /* UISliderTests.swift */,
				118A19121D5AEF2900613BA6 /* UIActivityIndicatorViewTests.swift */,
				112C09761D291CAB0050AEA6 /* Info.plist */,
				118A190E1D5AE6FA00613BA6 /* UIPageControlTests.swift */,
			);
			path = FreestylerTests;
			sourceTree = "<group>";
		};
		112C097F1D291D860050AEA6 /* Source */ = {
			isa = PBXGroup;
			children = (
				118BDC5C1D512A0400ECC63F /* DefaultStyles */,
				10820D5B1D4FAE5B00A5524F /* ColorType+Styles */,
				102DD52F1D4FBBB600F444A3 /* FontType+Styles */,
			);
			path = Source;
			sourceTree = "<group>";
		};
		1178D44F1D8DE330004AB786 /* GeneratedStyles */ = {
			isa = PBXGroup;
			children = (
				1178D4501D8DE330004AB786 /* UILabel+Styles.swift */,
				1178D4511D8DE330004AB786 /* UINavigationBar+Styles.swift */,
				1178D4521D8DE330004AB786 /* UIView+Styles.swift */,
			);
			path = GeneratedStyles;
			sourceTree = SOURCE_ROOT;
		};
		118BDC5C1D512A0400ECC63F /* DefaultStyles */ = {
			isa = PBXGroup;
			children = (
				119518471D58377E00A24481 /* Tint.swift */,
				118BDC5D1D512A2D00ECC63F /* BarTint.swift */,
				1195184D1D583F4F00A24481 /* Font.swift */,
				118BDC631D512E3200ECC63F /* UIProgressViewStyles.swift */,
				119518491D583D2E00A24481 /* UILabelStyles.swift */,
				118A19081D5AE2FB00613BA6 /* UISliderStyles.swift */,
				118A190C1D5AE68C00613BA6 /* UIPageControlStyles.swift */,
				118A19101D5AEEF700613BA6 /* UIActivityIndicatorViewStyles.swift */,
			);
			name = DefaultStyles;
			sourceTree = "<group>";
		};
		2D7BE43275A2A7FDDC1A5DFA /* Pods */ = {
			isa = PBXGroup;
			children = (
				149C3DE625FAEBE4D4C7494E /* Pods-Freestyler.debug.xcconfig */,
				ED4D1BF24B253EE587782316 /* Pods-Freestyler.release.xcconfig */,
				AC664D332B2C738B83B183D9 /* Pods-FreestylerTests.debug.xcconfig */,
				2D2A2618BEAA81E959A92AB5 /* Pods-FreestylerTests.release.xcconfig */,
				A1FD172E32080DBA328A52E7 /* Pods-Freestyler_iOS.debug.xcconfig */,
				79270FECC08261B16D80C6D7 /* Pods-Freestyler_iOS.release.xcconfig */,
			);
			name = Pods;
			sourceTree = "<group>";
		};
		E9C8DB2ED08131DC91BD60EE /* Frameworks */ = {
			isa = PBXGroup;
			children = (
				28D2377A79C1C757D3E83E57 /* Pods_Freestyler.framework */,
				D4E99FA718143EE1A6D3F2A8 /* Pods_FreestylerTests.framework */,
				77CC716FE81AB7842B6345B6 /* Pods_Freestyler_iOS.framework */,
			);
			name = Frameworks;
			sourceTree = "<group>";
		};
/* End PBXGroup section */

/* Begin PBXNativeTarget section */
		112C095B1D291CAB0050AEA6 /* Freestyler */ = {
			isa = PBXNativeTarget;
			buildConfigurationList = 112C09791D291CAB0050AEA6 /* Build configuration list for PBXNativeTarget "Freestyler" */;
			buildPhases = (
				0E7B6D33397C1D1271E03456 /* [CP] Check Pods Manifest.lock */,
				112C09581D291CAB0050AEA6 /* Sources */,
				112C09591D291CAB0050AEA6 /* Frameworks */,
				112C095A1D291CAB0050AEA6 /* Resources */,
				B978A4CDAB46BE4CCADD8D8A /* [CP] Embed Pods Frameworks */,
				F31926576939DDEB075AE4A0 /* [CP] Copy Pods Resources */,
				105D9B671D75B855007FA40C /* Embed Frameworks */,
			);
			buildRules = (
			);
			dependencies = (
			);
			name = Freestyler;
			productName = Freestyler;
			productReference = 112C095C1D291CAB0050AEA6 /* Freestyler.app */;
			productType = "com.apple.product-type.application";
		};
		112C096F1D291CAB0050AEA6 /* FreestylerTests */ = {
			isa = PBXNativeTarget;
			buildConfigurationList = 112C097C1D291CAB0050AEA6 /* Build configuration list for PBXNativeTarget "FreestylerTests" */;
			buildPhases = (
				CB2B7CD6E31D9347384ED429 /* [CP] Check Pods Manifest.lock */,
				112C096C1D291CAB0050AEA6 /* Sources */,
				112C096D1D291CAB0050AEA6 /* Frameworks */,
				112C096E1D291CAB0050AEA6 /* Resources */,
				0CF5037B9851DBB72785E83A /* [CP] Embed Pods Frameworks */,
				86ECE10B0321202AC18CE0EC /* [CP] Copy Pods Resources */,
			);
			buildRules = (
			);
			dependencies = (
				112C09721D291CAB0050AEA6 /* PBXTargetDependency */,
			);
			name = FreestylerTests;
			productName = FreestylerTests;
			productReference = 112C09701D291CAB0050AEA6 /* FreestylerTests.xctest */;
			productType = "com.apple.product-type.bundle.unit-test";
		};
/* End PBXNativeTarget section */

/* Begin PBXProject section */
		112C09541D291CAB0050AEA6 /* Project object */ = {
			isa = PBXProject;
			attributes = {
				LastSwiftUpdateCheck = 0730;
				LastUpgradeCheck = 0730;
				ORGANIZATIONNAME = Alexander;
				TargetAttributes = {
					112C095B1D291CAB0050AEA6 = {
						CreatedOnToolsVersion = 7.3.1;
					};
					112C096F1D291CAB0050AEA6 = {
						CreatedOnToolsVersion = 7.3.1;
						TestTargetID = 112C095B1D291CAB0050AEA6;
					};
				};
			};
			buildConfigurationList = 112C09571D291CAB0050AEA6 /* Build configuration list for PBXProject "Freestyler" */;
			compatibilityVersion = "Xcode 3.2";
			developmentRegion = English;
			hasScannedForEncodings = 0;
			knownRegions = (
				en,
				Base,
			);
			mainGroup = 112C09531D291CAB0050AEA6;
			productRefGroup = 112C095D1D291CAB0050AEA6 /* Products */;
			projectDirPath = "";
			projectRoot = "";
			targets = (
				112C095B1D291CAB0050AEA6 /* Freestyler */,
				112C096F1D291CAB0050AEA6 /* FreestylerTests */,
			);
		};
/* End PBXProject section */

/* Begin PBXResourcesBuildPhase section */
		112C095A1D291CAB0050AEA6 /* Resources */ = {
			isa = PBXResourcesBuildPhase;
			buildActionMask = 2147483647;
			files = (
				112C096A1D291CAB0050AEA6 /* LaunchScreen.storyboard in Resources */,
				112C09671D291CAB0050AEA6 /* Assets.xcassets in Resources */,
				112C09651D291CAB0050AEA6 /* Main.storyboard in Resources */,
			);
			runOnlyForDeploymentPostprocessing = 0;
		};
		112C096E1D291CAB0050AEA6 /* Resources */ = {
			isa = PBXResourcesBuildPhase;
			buildActionMask = 2147483647;
			files = (
			);
			runOnlyForDeploymentPostprocessing = 0;
		};
/* End PBXResourcesBuildPhase section */

/* Begin PBXShellScriptBuildPhase section */
		0CF5037B9851DBB72785E83A /* [CP] Embed Pods Frameworks */ = {
			isa = PBXShellScriptBuildPhase;
			buildActionMask = 2147483647;
			files = (
			);
			inputPaths = (
			);
			name = "[CP] Embed Pods Frameworks";
			outputPaths = (
			);
			runOnlyForDeploymentPostprocessing = 0;
			shellPath = /bin/sh;
			shellScript = "\"${SRCROOT}/Pods/Target Support Files/Pods-FreestylerTests/Pods-FreestylerTests-frameworks.sh\"\n";
			showEnvVarsInLog = 0;
		};
		0E7B6D33397C1D1271E03456 /* [CP] Check Pods Manifest.lock */ = {
			isa = PBXShellScriptBuildPhase;
			buildActionMask = 2147483647;
			files = (
			);
			inputPaths = (
			);
			name = "[CP] Check Pods Manifest.lock";
			outputPaths = (
			);
			runOnlyForDeploymentPostprocessing = 0;
			shellPath = /bin/sh;
			shellScript = "diff \"${PODS_ROOT}/../Podfile.lock\" \"${PODS_ROOT}/Manifest.lock\" > /dev/null\nif [[ $? != 0 ]] ; then\n    cat << EOM\nerror: The sandbox is not in sync with the Podfile.lock. Run 'pod install' or update your CocoaPods installation.\nEOM\n    exit 1\nfi\n";
			showEnvVarsInLog = 0;
		};
		86ECE10B0321202AC18CE0EC /* [CP] Copy Pods Resources */ = {
			isa = PBXShellScriptBuildPhase;
			buildActionMask = 2147483647;
			files = (
			);
			inputPaths = (
			);
			name = "[CP] Copy Pods Resources";
			outputPaths = (
			);
			runOnlyForDeploymentPostprocessing = 0;
			shellPath = /bin/sh;
			shellScript = "\"${SRCROOT}/Pods/Target Support Files/Pods-FreestylerTests/Pods-FreestylerTests-resources.sh\"\n";
			showEnvVarsInLog = 0;
		};
		B978A4CDAB46BE4CCADD8D8A /* [CP] Embed Pods Frameworks */ = {
			isa = PBXShellScriptBuildPhase;
			buildActionMask = 2147483647;
			files = (
			);
			inputPaths = (
			);
			name = "[CP] Embed Pods Frameworks";
			outputPaths = (
			);
			runOnlyForDeploymentPostprocessing = 0;
			shellPath = /bin/sh;
			shellScript = "\"${SRCROOT}/Pods/Target Support Files/Pods-Freestyler/Pods-Freestyler-frameworks.sh\"\n";
			showEnvVarsInLog = 0;
		};
		CB2B7CD6E31D9347384ED429 /* [CP] Check Pods Manifest.lock */ = {
			isa = PBXShellScriptBuildPhase;
			buildActionMask = 2147483647;
			files = (
			);
			inputPaths = (
			);
			name = "[CP] Check Pods Manifest.lock";
			outputPaths = (
			);
			runOnlyForDeploymentPostprocessing = 0;
			shellPath = /bin/sh;
			shellScript = "diff \"${PODS_ROOT}/../Podfile.lock\" \"${PODS_ROOT}/Manifest.lock\" > /dev/null\nif [[ $? != 0 ]] ; then\n    cat << EOM\nerror: The sandbox is not in sync with the Podfile.lock. Run 'pod install' or update your CocoaPods installation.\nEOM\n    exit 1\nfi\n";
			showEnvVarsInLog = 0;
		};
		F31926576939DDEB075AE4A0 /* [CP] Copy Pods Resources */ = {
			isa = PBXShellScriptBuildPhase;
			buildActionMask = 2147483647;
			files = (
			);
			inputPaths = (
			);
			name = "[CP] Copy Pods Resources";
			outputPaths = (
			);
			runOnlyForDeploymentPostprocessing = 0;
			shellPath = /bin/sh;
			shellScript = "\"${SRCROOT}/Pods/Target Support Files/Pods-Freestyler/Pods-Freestyler-resources.sh\"\n";
			showEnvVarsInLog = 0;
		};
/* End PBXShellScriptBuildPhase section */

/* Begin PBXSourcesBuildPhase section */
		112C09581D291CAB0050AEA6 /* Sources */ = {
			isa = PBXSourcesBuildPhase;
			buildActionMask = 2147483647;
			files = (
				118BDC641D512E3200ECC63F /* UIProgressViewStyles.swift in Sources */,
				119518481D58377E00A24481 /* Tint.swift in Sources */,
				118A19111D5AEEF700613BA6 /* UIActivityIndicatorViewStyles.swift in Sources */,
				1195184A1D583D2E00A24481 /* UILabelStyles.swift in Sources */,
				102DD52E1D4FBB7800F444A3 /* FontType.swift in Sources */,
				112C09621D291CAB0050AEA6 /* ViewController.swift in Sources */,
				1178D4551D8DE330004AB786 /* UIView+Styles.swift in Sources */,
				10820D5D1D4FAE8B00A5524F /* ColorType+Styles.swift in Sources */,
				118A190D1D5AE68C00613BA6 /* UIPageControlStyles.swift in Sources */,
				1178D4531D8DE330004AB786 /* UILabel+Styles.swift in Sources */,
				1195184E1D583F4F00A24481 /* Font.swift in Sources */,
				1178D4541D8DE330004AB786 /* UINavigationBar+Styles.swift in Sources */,
				118A19091D5AE2FB00613BA6 /* UISliderStyles.swift in Sources */,
				118BDC5E1D512A2D00ECC63F /* BarTint.swift in Sources */,
				112C09601D291CAB0050AEA6 /* AppDelegate.swift in Sources */,
				112C09831D2997E20050AEA6 /* ColorType.swift in Sources */,
			);
			runOnlyForDeploymentPostprocessing = 0;
		};
		112C096C1D291CAB0050AEA6 /* Sources */ = {
			isa = PBXSourcesBuildPhase;
			buildActionMask = 2147483647;
			files = (
				118A190B1D5AE3A100613BA6 /* UISliderTests.swift in Sources */,
				112C09751D291CAB0050AEA6 /* FreestylerTests.swift in Sources */,
				118A190F1D5AE6FA00613BA6 /* UIPageControlTests.swift in Sources */,
				1195184C1D583D6F00A24481 /* UILabelTests.swift in Sources */,
				118BDC621D512DFF00ECC63F /* UIProgressViewTests.swift in Sources */,
				118BDC601D512BAF00ECC63F /* DefaultThemes.swift in Sources */,
				118BDC5B1D51292600ECC63F /* BarTintColorableTests.swift in Sources */,
				118A19131D5AEF2900613BA6 /* UIActivityIndicatorViewTests.swift in Sources */,
			);
			runOnlyForDeploymentPostprocessing = 0;
		};
/* End PBXSourcesBuildPhase section */

/* Begin PBXTargetDependency section */
		112C09721D291CAB0050AEA6 /* PBXTargetDependency */ = {
			isa = PBXTargetDependency;
			target = 112C095B1D291CAB0050AEA6 /* Freestyler */;
			targetProxy = 112C09711D291CAB0050AEA6 /* PBXContainerItemProxy */;
		};
/* End PBXTargetDependency section */

/* Begin PBXVariantGroup section */
		112C09631D291CAB0050AEA6 /* Main.storyboard */ = {
			isa = PBXVariantGroup;
			children = (
				112C09641D291CAB0050AEA6 /* Base */,
			);
			name = Main.storyboard;
			sourceTree = "<group>";
		};
		112C09681D291CAB0050AEA6 /* LaunchScreen.storyboard */ = {
			isa = PBXVariantGroup;
			children = (
				112C09691D291CAB0050AEA6 /* Base */,
			);
			name = LaunchScreen.storyboard;
			sourceTree = "<group>";
		};
/* End PBXVariantGroup section */

/* Begin XCBuildConfiguration section */
		112C09771D291CAB0050AEA6 /* Debug */ = {
			isa = XCBuildConfiguration;
			buildSettings = {
				ALWAYS_SEARCH_USER_PATHS = NO;
				CLANG_ANALYZER_NONNULL = YES;
				CLANG_CXX_LANGUAGE_STANDARD = "gnu++0x";
				CLANG_CXX_LIBRARY = "libc++";
				CLANG_ENABLE_MODULES = YES;
				CLANG_ENABLE_OBJC_ARC = YES;
				CLANG_WARN_BOOL_CONVERSION = YES;
				CLANG_WARN_CONSTANT_CONVERSION = YES;
				CLANG_WARN_DIRECT_OBJC_ISA_USAGE = YES_ERROR;
				CLANG_WARN_EMPTY_BODY = YES;
				CLANG_WARN_ENUM_CONVERSION = YES;
				CLANG_WARN_INT_CONVERSION = YES;
				CLANG_WARN_OBJC_ROOT_CLASS = YES_ERROR;
				CLANG_WARN_UNREACHABLE_CODE = YES;
				CLANG_WARN__DUPLICATE_METHOD_MATCH = YES;
				"CODE_SIGN_IDENTITY[sdk=iphoneos*]" = "iPhone Developer";
				COPY_PHASE_STRIP = NO;
				DEBUG_INFORMATION_FORMAT = dwarf;
				EMBEDDED_CONTENT_CONTAINS_SWIFT = NO;
				ENABLE_STRICT_OBJC_MSGSEND = YES;
				ENABLE_TESTABILITY = YES;
				GCC_C_LANGUAGE_STANDARD = gnu99;
				GCC_DYNAMIC_NO_PIC = NO;
				GCC_NO_COMMON_BLOCKS = YES;
				GCC_OPTIMIZATION_LEVEL = 0;
				GCC_PREPROCESSOR_DEFINITIONS = (
					"DEBUG=1",
					"$(inherited)",
				);
				GCC_WARN_64_TO_32_BIT_CONVERSION = YES;
				GCC_WARN_ABOUT_RETURN_TYPE = YES_ERROR;
				GCC_WARN_UNDECLARED_SELECTOR = YES;
				GCC_WARN_UNINITIALIZED_AUTOS = YES_AGGRESSIVE;
				GCC_WARN_UNUSED_FUNCTION = YES;
				GCC_WARN_UNUSED_VARIABLE = YES;
				IPHONEOS_DEPLOYMENT_TARGET = 9.3;
				MTL_ENABLE_DEBUG_INFO = YES;
				ONLY_ACTIVE_ARCH = YES;
				SDKROOT = iphoneos;
				SWIFT_OPTIMIZATION_LEVEL = "-Onone";
			};
			name = Debug;
		};
		112C09781D291CAB0050AEA6 /* Release */ = {
			isa = XCBuildConfiguration;
			buildSettings = {
				ALWAYS_SEARCH_USER_PATHS = NO;
				CLANG_ANALYZER_NONNULL = YES;
				CLANG_CXX_LANGUAGE_STANDARD = "gnu++0x";
				CLANG_CXX_LIBRARY = "libc++";
				CLANG_ENABLE_MODULES = YES;
				CLANG_ENABLE_OBJC_ARC = YES;
				CLANG_WARN_BOOL_CONVERSION = YES;
				CLANG_WARN_CONSTANT_CONVERSION = YES;
				CLANG_WARN_DIRECT_OBJC_ISA_USAGE = YES_ERROR;
				CLANG_WARN_EMPTY_BODY = YES;
				CLANG_WARN_ENUM_CONVERSION = YES;
				CLANG_WARN_INT_CONVERSION = YES;
				CLANG_WARN_OBJC_ROOT_CLASS = YES_ERROR;
				CLANG_WARN_UNREACHABLE_CODE = YES;
				CLANG_WARN__DUPLICATE_METHOD_MATCH = YES;
				"CODE_SIGN_IDENTITY[sdk=iphoneos*]" = "iPhone Developer";
				COPY_PHASE_STRIP = NO;
				DEBUG_INFORMATION_FORMAT = "dwarf-with-dsym";
				EMBEDDED_CONTENT_CONTAINS_SWIFT = NO;
				ENABLE_NS_ASSERTIONS = NO;
				ENABLE_STRICT_OBJC_MSGSEND = YES;
				GCC_C_LANGUAGE_STANDARD = gnu99;
				GCC_NO_COMMON_BLOCKS = YES;
				GCC_WARN_64_TO_32_BIT_CONVERSION = YES;
				GCC_WARN_ABOUT_RETURN_TYPE = YES_ERROR;
				GCC_WARN_UNDECLARED_SELECTOR = YES;
				GCC_WARN_UNINITIALIZED_AUTOS = YES_AGGRESSIVE;
				GCC_WARN_UNUSED_FUNCTION = YES;
				GCC_WARN_UNUSED_VARIABLE = YES;
				IPHONEOS_DEPLOYMENT_TARGET = 9.3;
				MTL_ENABLE_DEBUG_INFO = NO;
				SDKROOT = iphoneos;
				VALIDATE_PRODUCT = YES;
			};
			name = Release;
		};
		112C097A1D291CAB0050AEA6 /* Debug */ = {
			isa = XCBuildConfiguration;
			baseConfigurationReference = 149C3DE625FAEBE4D4C7494E /* Pods-Freestyler.debug.xcconfig */;
			buildSettings = {
				ASSETCATALOG_COMPILER_APPICON_NAME = AppIcon;
				EMBEDDED_CONTENT_CONTAINS_SWIFT = "${inherited}";
				FRAMEWORK_SEARCH_PATHS = (
					"$(inherited)",
					"\"$PODS_CONFIGURATION_BUILD_DIR/FreestylerCore\"",
				);
				INFOPLIST_FILE = Freestyler/Info.plist;
				LD_RUNPATH_SEARCH_PATHS = "$(inherited) @executable_path/Frameworks";
				PRODUCT_BUNDLE_IDENTIFIER = ru.doloz.Freestyler;
				PRODUCT_NAME = "$(TARGET_NAME)";
			};
			name = Debug;
		};
		112C097B1D291CAB0050AEA6 /* Release */ = {
			isa = XCBuildConfiguration;
			baseConfigurationReference = ED4D1BF24B253EE587782316 /* Pods-Freestyler.release.xcconfig */;
			buildSettings = {
				ASSETCATALOG_COMPILER_APPICON_NAME = AppIcon;
				EMBEDDED_CONTENT_CONTAINS_SWIFT = "${inherited}";
				FRAMEWORK_SEARCH_PATHS = (
					"$(inherited)",
					"\"$PODS_CONFIGURATION_BUILD_DIR/FreestylerCore\"",
				);
				INFOPLIST_FILE = Freestyler/Info.plist;
				LD_RUNPATH_SEARCH_PATHS = "$(inherited) @executable_path/Frameworks";
				PRODUCT_BUNDLE_IDENTIFIER = ru.doloz.Freestyler;
				PRODUCT_NAME = "$(TARGET_NAME)";
			};
			name = Release;
		};
		112C097D1D291CAB0050AEA6 /* Debug */ = {
			isa = XCBuildConfiguration;
			baseConfigurationReference = AC664D332B2C738B83B183D9 /* Pods-FreestylerTests.debug.xcconfig */;
			buildSettings = {
				BUNDLE_LOADER = "$(TEST_HOST)";
				INFOPLIST_FILE = FreestylerTests/Info.plist;
				LD_RUNPATH_SEARCH_PATHS = "$(inherited) @executable_path/Frameworks @loader_path/Frameworks";
				PRODUCT_BUNDLE_IDENTIFIER = ru.doloz.FreestylerTests;
				PRODUCT_NAME = "$(TARGET_NAME)";
				TEST_HOST = "$(BUILT_PRODUCTS_DIR)/Freestyler.app/Freestyler";
			};
			name = Debug;
		};
		112C097E1D291CAB0050AEA6 /* Release */ = {
			isa = XCBuildConfiguration;
			baseConfigurationReference = 2D2A2618BEAA81E959A92AB5 /* Pods-FreestylerTests.release.xcconfig */;
			buildSettings = {
				BUNDLE_LOADER = "$(TEST_HOST)";
				INFOPLIST_FILE = FreestylerTests/Info.plist;
				LD_RUNPATH_SEARCH_PATHS = "$(inherited) @executable_path/Frameworks @loader_path/Frameworks";
				PRODUCT_BUNDLE_IDENTIFIER = ru.doloz.FreestylerTests;
				PRODUCT_NAME = "$(TARGET_NAME)";
				TEST_HOST = "$(BUILT_PRODUCTS_DIR)/Freestyler.app/Freestyler";
			};
			name = Release;
		};
/* End XCBuildConfiguration section */

/* Begin XCConfigurationList section */
		112C09571D291CAB0050AEA6 /* Build configuration list for PBXProject "Freestyler" */ = {
			isa = XCConfigurationList;
			buildConfigurations = (
				112C09771D291CAB0050AEA6 /* Debug */,
				112C09781D291CAB0050AEA6 /* Release */,
			);
			defaultConfigurationIsVisible = 0;
			defaultConfigurationName = Release;
		};
		112C09791D291CAB0050AEA6 /* Build configuration list for PBXNativeTarget "Freestyler" */ = {
			isa = XCConfigurationList;
			buildConfigurations = (
				112C097A1D291CAB0050AEA6 /* Debug */,
				112C097B1D291CAB0050AEA6 /* Release */,
			);
			defaultConfigurationIsVisible = 0;
			defaultConfigurationName = Release;
		};
		112C097C1D291CAB0050AEA6 /* Build configuration list for PBXNativeTarget "FreestylerTests" */ = {
			isa = XCConfigurationList;
			buildConfigurations = (
				112C097D1D291CAB0050AEA6 /* Debug */,
				112C097E1D291CAB0050AEA6 /* Release */,
			);
			defaultConfigurationIsVisible = 0;
			defaultConfigurationName = Release;
		};
/* End XCConfigurationList section */
	};
	rootObject = 112C09541D291CAB0050AEA6 /* Project object */;
}
